version: 5
generated: '2026-09-18T09:45:30.304Z'
ref:
  node:
    diy-app:
      dependencies:
        '@agentclientprotocol/sdk': ~/.diy/ref/github.com/agentclientprotocol/typescript-sdk/1.4.0
  source:
    .:
      github.com/anomalyco/opencode: ~/.diy/ref/github.com/anomalyco/opencode/latest
      github.com/deepseek-ai/deepseek-harness: ~/.diy/ref/github.com/deepseek-ai/deepseek-harness/latest
