version: 5
generated: '2026-09-05T00:26:29.742Z'
ref:
  node:
    diy-app:
      dependencies:
        '@agentclientprotocol/sdk': >-
          ~/git/diy/diy-feat-acp/build/home/ref/github.com/agentclientprotocol/typescript-sdk/1.4.0
  source:
    .:
      github.com/anomalyco/opencode: >-
        ~/git/diy/diy-feat-acp/build/home/ref/github.com/anomalyco/opencode/latest
      github.com/deepseek-ai/deepseek-harness: >-
        ~/git/diy/diy-feat-acp/build/home/ref/github.com/deepseek-ai/deepseek-harness/latest
